
Microsoft Visual Studio Solution File, Format Version 12.00
# Visual Studio 15
VisualStudioVersion = 15.0.27428.2002
MinimumVisualStudioVersion = 10.0.40219.1
Project("{FAE04EC0-301F-11D3-BF4B-00C04F79EFBC}") = "Csharp Language Basics", "Csharp Language Basics\Csharp Language Basics.csproj", "{50AF9E96-4372-4BE0-83C9-EC0DB3B54482}"
EndProject
Global
	GlobalSection(SolutionConfigurationPlatforms) = preSolution
		Debug|Any CPU = Debug|Any CPU
		Release|Any CPU = Release|Any CPU
	EndGlobalSection
	GlobalSection(ProjectConfigurationPlatforms) = postSolution
		{50AF9E96-4372-4BE0-83C9-EC0DB3B54482}.Debug|Any CPU.ActiveCfg = Debug|Any CPU
		{50AF9E96-4372-4BE0-83C9-EC0DB3B54482}.Debug|Any CPU.Build.0 = Debug|Any CPU
		{50AF9E96-4372-4BE0-83C9-EC0DB3B54482}.Release|Any CPU.ActiveCfg = Release|Any CPU
		{50AF9E96-4372-4BE0-83C9-EC0DB3B54482}.Release|Any CPU.Build.0 = Release|Any CPU
	EndGlobalSection
	GlobalSection(SolutionProperties) = preSolution
		HideSolutionNode = FALSE
	EndGlobalSection
	GlobalSection(ExtensibilityGlobals) = postSolution
		SolutionGuid = {78425877-73D4-4824-8761-2A8620CC0DF6}
	EndGlobalSection
EndGlobal
